// !$*UTF8*$!
{
	archiveVersion = 1;
	classes = {
	};
	objectVersion = 51;
	objects = {

/* Begin PBXBuildFile section */
		221DD0ADBC9FF35BFE83FF8E /* libPods-OpenGL-ES.a in Frameworks */ = {isa = PBXBuildFile; fileRef = 7F8845698AD6C05619540CEF /* libPods-OpenGL-ES.a */; };
		9C092E6C24D176D500E4346A /* AppDelegate.m in Sources */ = {isa = PBXBuildFile; fileRef = 9C092E6B24D176D500E4346A /* AppDelegate.m */; };
		9C092E6F24D176D500E4346A /* SceneDelegate.m in Sources */ = {isa = PBXBuildFile; fileRef = 9C092E6E24D176D500E4346A /* SceneDelegate.m */; };
		9C092E7224D176D500E4346A /* ViewController.m in Sources */ = {isa = PBXBuildFile; fileRef = 9C092E7124D176D500E4346A /* ViewController.m */; };
		9C092E7524D176D500E4346A /* Main.storyboard in Resources */ = {isa = PBXBuildFile; fileRef = 9C092E7324D176D500E4346A /* Main.storyboard */; };
		9C092E7724D176D700E4346A /* Assets.xcassets in Resources */ = {isa = PBXBuildFile; fileRef = 9C092E7624D176D700E4346A /* Assets.xcassets */; };
		9C092E7A24D176D700E4346A /* LaunchScreen.storyboard in Resources */ = {isa = PBXBuildFile; fileRef = 9C092E7824D176D700E4346A /* LaunchScreen.storyboard */; };
		9C092E7D24D176D700E4346A /* main.m in Sources */ = {isa = PBXBuildFile; fileRef = 9C092E7C24D176D700E4346A /* main.m */; };
		9C092E8524D178CE00E4346A /* BaseViewController.m in Sources */ = {isa = PBXBuildFile; fileRef = 9C092E8424D178CD00E4346A /* BaseViewController.m */; };
		9C092E8D24D17AC000E4346A /* CubeViewController.m in Sources */ = {isa = PBXBuildFile; fileRef = 9C092E8C24D17ABF00E4346A /* CubeViewController.m */; };
		9C3B218624E11F84006EEC23 /* splitScreen_6.fsh in Resources */ = {isa = PBXBuildFile; fileRef = 9C3B217E24E11F84006EEC23 /* splitScreen_6.fsh */; };
		9C3B218724E11F84006EEC23 /* splitScreen_9.vsh in Resources */ = {isa = PBXBuildFile; fileRef = 9C3B217F24E11F84006EEC23 /* splitScreen_9.vsh */; };
		9C3B218824E11F84006EEC23 /* splitScreen_9.fsh in Resources */ = {isa = PBXBuildFile; fileRef = 9C3B218024E11F84006EEC23 /* splitScreen_9.fsh */; };
		9C3B218924E11F84006EEC23 /* splitScreen_3.vsh in Resources */ = {isa = PBXBuildFile; fileRef = 9C3B218124E11F84006EEC23 /* splitScreen_3.vsh */; };
		9C3B218A24E11F84006EEC23 /* splitScreen_3.fsh in Resources */ = {isa = PBXBuildFile; fileRef = 9C3B218224E11F84006EEC23 /* splitScreen_3.fsh */; };
		9C3B218B24E11F84006EEC23 /* splitScreen_4.vsh in Resources */ = {isa = PBXBuildFile; fileRef = 9C3B218324E11F84006EEC23 /* splitScreen_4.vsh */; };
		9C3B218C24E11F84006EEC23 /* splitScreen_6.vsh in Resources */ = {isa = PBXBuildFile; fileRef = 9C3B218424E11F84006EEC23 /* splitScreen_6.vsh */; };
		9C3B218D24E11F84006EEC23 /* splitScreen_4.fsh in Resources */ = {isa = PBXBuildFile; fileRef = 9C3B218524E11F84006EEC23 /* splitScreen_4.fsh */; };
		9C3B219224E11FC6006EEC23 /* FilterBar.m in Sources */ = {isa = PBXBuildFile; fileRef = 9C3B218E24E11FC6006EEC23 /* FilterBar.m */; };
		9C3B219324E11FC6006EEC23 /* FilterBarCell.m in Sources */ = {isa = PBXBuildFile; fileRef = 9C3B219024E11FC6006EEC23 /* FilterBarCell.m */; };
		9C3B219624E11FE8006EEC23 /* FilterViewController.m in Sources */ = {isa = PBXBuildFile; fileRef = 9C3B219524E11FE8006EEC23 /* FilterViewController.m */; };
		9C3B219924E1295D006EEC23 /* splitScreen_normal.vsh in Resources */ = {isa = PBXBuildFile; fileRef = 9C3B219724E1295D006EEC23 /* splitScreen_normal.vsh */; };
		9C3B219A24E1295D006EEC23 /* splitScreen_normal.fsh in Resources */ = {isa = PBXBuildFile; fileRef = 9C3B219824E1295D006EEC23 /* splitScreen_normal.fsh */; };
		9C3B219C24E12ADD006EEC23 /* img3.jpg in Resources */ = {isa = PBXBuildFile; fileRef = 9C3B219B24E12ADD006EEC23 /* img3.jpg */; };
		9C3B219F24E12BB6006EEC23 /* splitScreen_2.fsh in Resources */ = {isa = PBXBuildFile; fileRef = 9C3B219D24E12BB6006EEC23 /* splitScreen_2.fsh */; };
		9C3B21A024E12BB6006EEC23 /* splitScreen_2.vsh in Resources */ = {isa = PBXBuildFile; fileRef = 9C3B219E24E12BB6006EEC23 /* splitScreen_2.vsh */; };
		9C3B21A424E138FF006EEC23 /* GPUImageExampleVC.m in Sources */ = {isa = PBXBuildFile; fileRef = 9C3B21A324E138FF006EEC23 /* GPUImageExampleVC.m */; };
		9C3B21A624E13FF7006EEC23 /* img4.jpg in Resources */ = {isa = PBXBuildFile; fileRef = 9C3B21A524E13FF7006EEC23 /* img4.jpg */; };
		9C8C7C4624DB951800486AE4 /* EmitterVC2.m in Sources */ = {isa = PBXBuildFile; fileRef = 9C8C7C4524DB951800486AE4 /* EmitterVC2.m */; };
		9C8C7C4A24DB9D1B00486AE4 /* EmitterVC3.m in Sources */ = {isa = PBXBuildFile; fileRef = 9C8C7C4824DB9D1B00486AE4 /* EmitterVC3.m */; };
		9C8C7C4B24DB9D1B00486AE4 /* EmitterVC3.xib in Resources */ = {isa = PBXBuildFile; fileRef = 9C8C7C4924DB9D1B00486AE4 /* EmitterVC3.xib */; };
		9C8C7C4F24DBA2DC00486AE4 /* EmitterVC4.m in Sources */ = {isa = PBXBuildFile; fileRef = 9C8C7C4D24DBA2DC00486AE4 /* EmitterVC4.m */; };
		9C8C7C5024DBA2DC00486AE4 /* EmitterVC4.xib in Resources */ = {isa = PBXBuildFile; fileRef = 9C8C7C4E24DBA2DC00486AE4 /* EmitterVC4.xib */; };
		9C8C7C5324DBA35900486AE4 /* AnimationButton.m in Sources */ = {isa = PBXBuildFile; fileRef = 9C8C7C5224DBA35900486AE4 /* AnimationButton.m */; };
		9C8C7C5C24DBA77100486AE4 /* GLSLTriangleTransformVC.m in Sources */ = {isa = PBXBuildFile; fileRef = 9C8C7C5A24DBA77100486AE4 /* GLSLTriangleTransformVC.m */; };
		9C8C7C5D24DBA77100486AE4 /* GLSLTriangleTransformVC.xib in Resources */ = {isa = PBXBuildFile; fileRef = 9C8C7C5B24DBA77100486AE4 /* GLSLTriangleTransformVC.xib */; };
		9C8C7C6024DBA7BD00486AE4 /* TriangleTransformView.m in Sources */ = {isa = PBXBuildFile; fileRef = 9C8C7C5F24DBA7BD00486AE4 /* TriangleTransformView.m */; };
		9C8C7C6824DBA83400486AE4 /* GLESUtils.m in Sources */ = {isa = PBXBuildFile; fileRef = 9C8C7C6224DBA83400486AE4 /* GLESUtils.m */; };
		9C8C7C6924DBA83400486AE4 /* GLESMath.c in Sources */ = {isa = PBXBuildFile; fileRef = 9C8C7C6424DBA83400486AE4 /* GLESMath.c */; };
		9C8C7C6B24DBB23100486AE4 /* shaderV1.glsl in Resources */ = {isa = PBXBuildFile; fileRef = 9C8C7C6A24DBB23100486AE4 /* shaderV1.glsl */; };
		9C8C7C6D24DBB23F00486AE4 /* shaderF1.glsl in Resources */ = {isa = PBXBuildFile; fileRef = 9C8C7C6C24DBB23F00486AE4 /* shaderF1.glsl */; };
		9C8C7C6F24DBF00900486AE4 /* img2.jpg in Resources */ = {isa = PBXBuildFile; fileRef = 9C8C7C6E24DBF00900486AE4 /* img2.jpg */; };
		9C8CBDA824E623A4003AD0C8 /* vertigos.vsh in Resources */ = {isa = PBXBuildFile; fileRef = 9C8CBD9C24E623A3003AD0C8 /* vertigos.vsh */; };
		9C8CBDA924E623A4003AD0C8 /* soul.vsh in Resources */ = {isa = PBXBuildFile; fileRef = 9C8CBD9D24E623A4003AD0C8 /* soul.vsh */; };
		9C8CBDAA24E623A4003AD0C8 /* scale.vsh in Resources */ = {isa = PBXBuildFile; fileRef = 9C8CBD9E24E623A4003AD0C8 /* scale.vsh */; };
		9C8CBDAB24E623A4003AD0C8 /* shakeWhite.fsh in Resources */ = {isa = PBXBuildFile; fileRef = 9C8CBD9F24E623A4003AD0C8 /* shakeWhite.fsh */; };
		9C8CBDAC24E623A5003AD0C8 /* soul.fsh in Resources */ = {isa = PBXBuildFile; fileRef = 9C8CBDA024E623A4003AD0C8 /* soul.fsh */; };
		9C8CBDAD24E623A5003AD0C8 /* shake.fsh in Resources */ = {isa = PBXBuildFile; fileRef = 9C8CBDA124E623A4003AD0C8 /* shake.fsh */; };
		9C8CBDAE24E623A5003AD0C8 /* shakeWhite.vsh in Resources */ = {isa = PBXBuildFile; fileRef = 9C8CBDA224E623A4003AD0C8 /* shakeWhite.vsh */; };
		9C8CBDAF24E623A5003AD0C8 /* glitch.vsh in Resources */ = {isa = PBXBuildFile; fileRef = 9C8CBDA324E623A4003AD0C8 /* glitch.vsh */; };
		9C8CBDB024E623A5003AD0C8 /* glitch.fsh in Resources */ = {isa = PBXBuildFile; fileRef = 9C8CBDA424E623A4003AD0C8 /* glitch.fsh */; };
		9C8CBDB124E623A5003AD0C8 /* scale.fsh in Resources */ = {isa = PBXBuildFile; fileRef = 9C8CBDA524E623A4003AD0C8 /* scale.fsh */; };
		9C8CBDB224E623A5003AD0C8 /* vertigos.fsh in Resources */ = {isa = PBXBuildFile; fileRef = 9C8CBDA624E623A4003AD0C8 /* vertigos.fsh */; };
		9C8CBDB324E623A5003AD0C8 /* shake.vsh in Resources */ = {isa = PBXBuildFile; fileRef = 9C8CBDA724E623A4003AD0C8 /* shake.vsh */; };
		9C8F5B2424DAA137009790F5 /* EmitterVC1.m in Sources */ = {isa = PBXBuildFile; fileRef = 9C8F5B2324DAA137009790F5 /* EmitterVC1.m */; };
		9C8F5B2924DAA187009790F5 /* hongbao.png in Resources */ = {isa = PBXBuildFile; fileRef = 9C8F5B2524DAA186009790F5 /* hongbao.png */; };
		9C8F5B2A24DAA187009790F5 /* zongzi2.jpg in Resources */ = {isa = PBXBuildFile; fileRef = 9C8F5B2624DAA186009790F5 /* zongzi2.jpg */; };
		9C8F5B2B24DAA187009790F5 /* zongzi.png in Resources */ = {isa = PBXBuildFile; fileRef = 9C8F5B2724DAA186009790F5 /* zongzi.png */; };
		9C8F5B2C24DAA187009790F5 /* jinbi.png in Resources */ = {isa = PBXBuildFile; fileRef = 9C8F5B2824DAA187009790F5 /* jinbi.png */; };
		9CACF70624E245A300CB35E4 /* mosaic_triangle.vsh in Resources */ = {isa = PBXBuildFile; fileRef = 9CACF6FC24E245A200CB35E4 /* mosaic_triangle.vsh */; };
		9CACF70724E245A300CB35E4 /* reversal.vsh in Resources */ = {isa = PBXBuildFile; fileRef = 9CACF6FD24E245A200CB35E4 /* reversal.vsh */; };
		9CACF70824E245A300CB35E4 /* mosaic_square.fsh in Resources */ = {isa = PBXBuildFile; fileRef = 9CACF6FE24E245A200CB35E4 /* mosaic_square.fsh */; };
		9CACF70924E245A300CB35E4 /* gray.fsh in Resources */ = {isa = PBXBuildFile; fileRef = 9CACF6FF24E245A200CB35E4 /* gray.fsh */; };
		9CACF70A24E245A300CB35E4 /* mosaic_square.vsh in Resources */ = {isa = PBXBuildFile; fileRef = 9CACF70024E245A200CB35E4 /* mosaic_square.vsh */; };
		9CACF70B24E245A300CB35E4 /* mosaic_triangle.fsh in Resources */ = {isa = PBXBuildFile; fileRef = 9CACF70124E245A200CB35E4 /* mosaic_triangle.fsh */; };
		9CACF70C24E245A300CB35E4 /* gray.vsh in Resources */ = {isa = PBXBuildFile; fileRef = 9CACF70224E245A200CB35E4 /* gray.vsh */; };
		9CACF70D24E245A300CB35E4 /* mosaic_hexagon.vsh in Resources */ = {isa = PBXBuildFile; fileRef = 9CACF70324E245A200CB35E4 /* mosaic_hexagon.vsh */; };
		9CACF70E24E245A300CB35E4 /* mosaic_hexagon.fsh in Resources */ = {isa = PBXBuildFile; fileRef = 9CACF70424E245A200CB35E4 /* mosaic_hexagon.fsh */; };
		9CACF70F24E245A300CB35E4 /* reversal.fsh in Resources */ = {isa = PBXBuildFile; fileRef = 9CACF70524E245A300CB35E4 /* reversal.fsh */; };
		9CACF71324E24E4900CB35E4 /* GLSL注释讲解.md in Resources */ = {isa = PBXBuildFile; fileRef = 9CACF71224E24E4900CB35E4 /* GLSL注释讲解.md */; };
		9CACF73124E2846900CB35E4 /* WID-small.jpg in Resources */ = {isa = PBXBuildFile; fileRef = 9CACF72F24E2846900CB35E4 /* WID-small.jpg */; };
		9CACF73924E285E700CB35E4 /* GPUPhotoVC.m in Sources */ = {isa = PBXBuildFile; fileRef = 9CACF73724E285E700CB35E4 /* GPUPhotoVC.m */; };
		CE54D5DE24D4041600DAEEF2 /* CubeView.m in Sources */ = {isa = PBXBuildFile; fileRef = CE54D5DD24D4041600DAEEF2 /* CubeView.m */; };
		CE54D5E024D4046100DAEEF2 /* shaderf.glsl in Resources */ = {isa = PBXBuildFile; fileRef = CE54D5DF24D4046100DAEEF2 /* shaderf.glsl */; };
		CE54D5E224D4046F00DAEEF2 /* shaderv.glsl in Resources */ = {isa = PBXBuildFile; fileRef = CE54D5E124D4046F00DAEEF2 /* shaderv.glsl */; };
/* End PBXBuildFile section */

/* Begin PBXFileReference section */
		1E6EF313555E9AFC45E686F0 /* Pods-OpenGL-ES.debug.xcconfig */ = {isa = PBXFileReference; includeInIndex = 1; lastKnownFileType = text.xcconfig; name = "Pods-OpenGL-ES.debug.xcconfig"; path = "Target Support Files/Pods-OpenGL-ES/Pods-OpenGL-ES.debug.xcconfig"; sourceTree = "<group>"; };
		7F8845698AD6C05619540CEF /* libPods-OpenGL-ES.a */ = {isa = PBXFileReference; explicitFileType = archive.ar; includeInIndex = 0; path = "libPods-OpenGL-ES.a"; sourceTree = BUILT_PRODUCTS_DIR; };
		9C092E6724D176D500E4346A /* OpenGL-ES.app */ = {isa = PBXFileReference; explicitFileType = wrapper.application; includeInIndex = 0; path = "OpenGL-ES.app"; sourceTree = BUILT_PRODUCTS_DIR; };
		9C092E6A24D176D500E4346A /* AppDelegate.h */ = {isa = PBXFileReference; lastKnownFileType = sourcecode.c.h; path = AppDelegate.h; sourceTree = "<group>"; };
		9C092E6B24D176D500E4346A /* AppDelegate.m */ = {isa = PBXFileReference; lastKnownFileType = sourcecode.c.objc; path = AppDelegate.m; sourceTree = "<group>"; };
		9C092E6D24D176D500E4346A /* SceneDelegate.h */ = {isa = PBXFileReference; lastKnownFileType = sourcecode.c.h; path = SceneDelegate.h; sourceTree = "<group>"; };
		9C092E6E24D176D500E4346A /* SceneDelegate.m */ = {isa = PBXFileReference; lastKnownFileType = sourcecode.c.objc; path = SceneDelegate.m; sourceTree = "<group>"; };
		9C092E7024D176D500E4346A /* ViewController.h */ = {isa = PBXFileReference; lastKnownFileType = sourcecode.c.h; path = ViewController.h; sourceTree = "<group>"; };
		9C092E7124D176D500E4346A /* ViewController.m */ = {isa = PBXFileReference; lastKnownFileType = sourcecode.c.objc; path = ViewController.m; sourceTree = "<group>"; };
		9C092E7424D176D500E4346A /* Base */ = {isa = PBXFileReference; lastKnownFileType = file.storyboard; name = Base; path = Base.lproj/Main.storyboard; sourceTree = "<group>"; };
		9C092E7624D176D700E4346A /* Assets.xcassets */ = {isa = PBXFileReference; lastKnownFileType = folder.assetcatalog; path = Assets.xcassets; sourceTree = "<group>"; };
		9C092E7924D176D700E4346A /* Base */ = {isa = PBXFileReference; lastKnownFileType = file.storyboard; name = Base; path = Base.lproj/LaunchScreen.storyboard; sourceTree = "<group>"; };
		9C092E7B24D176D700E4346A /* Info.plist */ = {isa = PBXFileReference; lastKnownFileType = text.plist.xml; path = Info.plist; sourceTree = "<group>"; };
		9C092E7C24D176D700E4346A /* main.m */ = {isa = PBXFileReference; lastKnownFileType = sourcecode.c.objc; path = main.m; sourceTree = "<group>"; };
		9C092E8324D178CD00E4346A /* BaseViewController.h */ = {isa = PBXFileReference; fileEncoding = 4; lastKnownFileType = sourcecode.c.h; path = BaseViewController.h; sourceTree = "<group>"; };
		9C092E8424D178CD00E4346A /* BaseViewController.m */ = {isa = PBXFileReference; fileEncoding = 4; lastKnownFileType = sourcecode.c.objc; path = BaseViewController.m; sourceTree = "<group>"; };
		9C092E8624D178DE00E4346A /* PrefixHeader.pch */ = {isa = PBXFileReference; fileEncoding = 4; lastKnownFileType = sourcecode.c.h; path = PrefixHeader.pch; sourceTree = "<group>"; };
		9C092E8B24D17ABF00E4346A /* CubeViewController.h */ = {isa = PBXFileReference; lastKnownFileType = sourcecode.c.h; path = CubeViewController.h; sourceTree = "<group>"; };
		9C092E8C24D17ABF00E4346A /* CubeViewController.m */ = {isa = PBXFileReference; lastKnownFileType = sourcecode.c.objc; path = CubeViewController.m; sourceTree = "<group>"; };
		9C3B217E24E11F84006EEC23 /* splitScreen_6.fsh */ = {isa = PBXFileReference; fileEncoding = 4; lastKnownFileType = sourcecode.glsl; path = splitScreen_6.fsh; sourceTree = "<group>"; };
		9C3B217F24E11F84006EEC23 /* splitScreen_9.vsh */ = {isa = PBXFileReference; fileEncoding = 4; lastKnownFileType = sourcecode.glsl; path = splitScreen_9.vsh; sourceTree = "<group>"; };
		9C3B218024E11F84006EEC23 /* splitScreen_9.fsh */ = {isa = PBXFileReference; fileEncoding = 4; lastKnownFileType = sourcecode.glsl; path = splitScreen_9.fsh; sourceTree = "<group>"; };
		9C3B218124E11F84006EEC23 /* splitScreen_3.vsh */ = {isa = PBXFileReference; fileEncoding = 4; lastKnownFileType = sourcecode.glsl; path = splitScreen_3.vsh; sourceTree = "<group>"; };
		9C3B218224E11F84006EEC23 /* splitScreen_3.fsh */ = {isa = PBXFileReference; fileEncoding = 4; lastKnownFileType = sourcecode.glsl; path = splitScreen_3.fsh; sourceTree = "<group>"; };
		9C3B218324E11F84006EEC23 /* splitScreen_4.vsh */ = {isa = PBXFileReference; fileEncoding = 4; lastKnownFileType = sourcecode.glsl; path = splitScreen_4.vsh; sourceTree = "<group>"; };
		9C3B218424E11F84006EEC23 /* splitScreen_6.vsh */ = {isa = PBXFileReference; fileEncoding = 4; lastKnownFileType = sourcecode.glsl; path = splitScreen_6.vsh; sourceTree = "<group>"; };
		9C3B218524E11F84006EEC23 /* splitScreen_4.fsh */ = {isa = PBXFileReference; fileEncoding = 4; lastKnownFileType = sourcecode.glsl; path = splitScreen_4.fsh; sourceTree = "<group>"; };
		9C3B218E24E11FC6006EEC23 /* FilterBar.m */ = {isa = PBXFileReference; fileEncoding = 4; lastKnownFileType = sourcecode.c.objc; path = FilterBar.m; sourceTree = "<group>"; };
		9C3B218F24E11FC6006EEC23 /* FilterBar.h */ = {isa = PBXFileReference; fileEncoding = 4; lastKnownFileType = sourcecode.c.h; path = FilterBar.h; sourceTree = "<group>"; };
		9C3B219024E11FC6006EEC23 /* FilterBarCell.m */ = {isa = PBXFileReference; fileEncoding = 4; lastKnownFileType = sourcecode.c.objc; path = FilterBarCell.m; sourceTree = "<group>"; };
		9C3B219124E11FC6006EEC23 /* FilterBarCell.h */ = {isa = PBXFileReference; fileEncoding = 4; lastKnownFileType = sourcecode.c.h; path = FilterBarCell.h; sourceTree = "<group>"; };
		9C3B219424E11FE8006EEC23 /* FilterViewController.h */ = {isa = PBXFileReference; lastKnownFileType = sourcecode.c.h; path = FilterViewController.h; sourceTree = "<group>"; };
		9C3B219524E11FE8006EEC23 /* FilterViewController.m */ = {isa = PBXFileReference; lastKnownFileType = sourcecode.c.objc; path = FilterViewController.m; sourceTree = "<group>"; };
		9C3B219724E1295D006EEC23 /* splitScreen_normal.vsh */ = {isa = PBXFileReference; fileEncoding = 4; lastKnownFileType = sourcecode.glsl; path = splitScreen_normal.vsh; sourceTree = "<group>"; };
		9C3B219824E1295D006EEC23 /* splitScreen_normal.fsh */ = {isa = PBXFileReference; fileEncoding = 4; lastKnownFileType = sourcecode.glsl; path = splitScreen_normal.fsh; sourceTree = "<group>"; };
		9C3B219B24E12ADD006EEC23 /* img3.jpg */ = {isa = PBXFileReference; lastKnownFileType = image.jpeg; path = img3.jpg; sourceTree = "<group>"; };
		9C3B219D24E12BB6006EEC23 /* splitScreen_2.fsh */ = {isa = PBXFileReference; fileEncoding = 4; lastKnownFileType = sourcecode.glsl; path = splitScreen_2.fsh; sourceTree = "<group>"; };
		9C3B219E24E12BB6006EEC23 /* splitScreen_2.vsh */ = {isa = PBXFileReference; fileEncoding = 4; lastKnownFileType = sourcecode.glsl; path = splitScreen_2.vsh; sourceTree = "<group>"; };
		9C3B21A224E138FF006EEC23 /* GPUImageExampleVC.h */ = {isa = PBXFileReference; lastKnownFileType = sourcecode.c.h; path = GPUImageExampleVC.h; sourceTree = "<group>"; };
		9C3B21A324E138FF006EEC23 /* GPUImageExampleVC.m */ = {isa = PBXFileReference; lastKnownFileType = sourcecode.c.objc; path = GPUImageExampleVC.m; sourceTree = "<group>"; };
		9C3B21A524E13FF7006EEC23 /* img4.jpg */ = {isa = PBXFileReference; lastKnownFileType = image.jpeg; path = img4.jpg; sourceTree = "<group>"; };
		9C8C7C4424DB951800486AE4 /* EmitterVC2.h */ = {isa = PBXFileReference; lastKnownFileType = sourcecode.c.h; path = EmitterVC2.h; sourceTree = "<group>"; };
		9C8C7C4524DB951800486AE4 /* EmitterVC2.m */ = {isa = PBXFileReference; lastKnownFileType = sourcecode.c.objc; path = EmitterVC2.m; sourceTree = "<group>"; };
		9C8C7C4724DB9D1B00486AE4 /* EmitterVC3.h */ = {isa = PBXFileReference; lastKnownFileType = sourcecode.c.h; path = EmitterVC3.h; sourceTree = "<group>"; };
		9C8C7C4824DB9D1B00486AE4 /* EmitterVC3.m */ = {isa = PBXFileReference; lastKnownFileType = sourcecode.c.objc; path = EmitterVC3.m; sourceTree = "<group>"; };
		9C8C7C4924DB9D1B00486AE4 /* EmitterVC3.xib */ = {isa = PBXFileReference; lastKnownFileType = file.xib; path = EmitterVC3.xib; sourceTree = "<group>"; };
		9C8C7C4C24DBA2DC00486AE4 /* EmitterVC4.h */ = {isa = PBXFileReference; lastKnownFileType = sourcecode.c.h; path = EmitterVC4.h; sourceTree = "<group>"; };
		9C8C7C4D24DBA2DC00486AE4 /* EmitterVC4.m */ = {isa = PBXFileReference; lastKnownFileType = sourcecode.c.objc; path = EmitterVC4.m; sourceTree = "<group>"; };
		9C8C7C4E24DBA2DC00486AE4 /* EmitterVC4.xib */ = {isa = PBXFileReference; lastKnownFileType = file.xib; path = EmitterVC4.xib; sourceTree = "<group>"; };
		9C8C7C5124DBA35900486AE4 /* AnimationButton.h */ = {isa = PBXFileReference; lastKnownFileType = sourcecode.c.h; path = AnimationButton.h; sourceTree = "<group>"; };
		9C8C7C5224DBA35900486AE4 /* AnimationButton.m */ = {isa = PBXFileReference; lastKnownFileType = sourcecode.c.objc; path = AnimationButton.m; sourceTree = "<group>"; };
		9C8C7C5924DBA77100486AE4 /* GLSLTriangleTransformVC.h */ = {isa = PBXFileReference; lastKnownFileType = sourcecode.c.h; path = GLSLTriangleTransformVC.h; sourceTree = "<group>"; };
		9C8C7C5A24DBA77100486AE4 /* GLSLTriangleTransformVC.m */ = {isa = PBXFileReference; lastKnownFileType = sourcecode.c.objc; path = GLSLTriangleTransformVC.m; sourceTree = "<group>"; };
		9C8C7C5B24DBA77100486AE4 /* GLSLTriangleTransformVC.xib */ = {isa = PBXFileReference; lastKnownFileType = file.xib; path = GLSLTriangleTransformVC.xib; sourceTree = "<group>"; };
		9C8C7C5E24DBA7BD00486AE4 /* TriangleTransformView.h */ = {isa = PBXFileReference; lastKnownFileType = sourcecode.c.h; path = TriangleTransformView.h; sourceTree = "<group>"; };
		9C8C7C5F24DBA7BD00486AE4 /* TriangleTransformView.m */ = {isa = PBXFileReference; lastKnownFileType = sourcecode.c.objc; path = TriangleTransformView.m; sourceTree = "<group>"; };
		9C8C7C6224DBA83400486AE4 /* GLESUtils.m */ = {isa = PBXFileReference; fileEncoding = 4; lastKnownFileType = sourcecode.c.objc; path = GLESUtils.m; sourceTree = "<group>"; };
		9C8C7C6324DBA83400486AE4 /* Quaternion.h */ = {isa = PBXFileReference; fileEncoding = 4; lastKnownFileType = sourcecode.c.h; path = Quaternion.h; sourceTree = "<group>"; };
		9C8C7C6424DBA83400486AE4 /* GLESMath.c */ = {isa = PBXFileReference; fileEncoding = 4; lastKnownFileType = sourcecode.c.c; path = GLESMath.c; sourceTree = "<group>"; };
		9C8C7C6524DBA83400486AE4 /* GLESUtils.h */ = {isa = PBXFileReference; fileEncoding = 4; lastKnownFileType = sourcecode.c.h; path = GLESUtils.h; sourceTree = "<group>"; };
		9C8C7C6624DBA83400486AE4 /* Vector.h */ = {isa = PBXFileReference; fileEncoding = 4; lastKnownFileType = sourcecode.c.h; path = Vector.h; sourceTree = "<group>"; };
		9C8C7C6724DBA83400486AE4 /* GLESMath.h */ = {isa = PBXFileReference; fileEncoding = 4; lastKnownFileType = sourcecode.c.h; path = GLESMath.h; sourceTree = "<group>"; };
		9C8C7C6A24DBB23100486AE4 /* shaderV1.glsl */ = {isa = PBXFileReference; lastKnownFileType = text; path = shaderV1.glsl; sourceTree = "<group>"; };
		9C8C7C6C24DBB23F00486AE4 /* shaderF1.glsl */ = {isa = PBXFileReference; lastKnownFileType = text; path = shaderF1.glsl; sourceTree = "<group>"; };
		9C8C7C6E24DBF00900486AE4 /* img2.jpg */ = {isa = PBXFileReference; lastKnownFileType = image.jpeg; path = img2.jpg; sourceTree = "<group>"; };
		9C8CBD9C24E623A3003AD0C8 /* vertigos.vsh */ = {isa = PBXFileReference; fileEncoding = 4; lastKnownFileType = sourcecode.glsl; path = vertigos.vsh; sourceTree = "<group>"; };
		9C8CBD9D24E623A4003AD0C8 /* soul.vsh */ = {isa = PBXFileReference; fileEncoding = 4; lastKnownFileType = sourcecode.glsl; path = soul.vsh; sourceTree = "<group>"; };
		9C8CBD9E24E623A4003AD0C8 /* scale.vsh */ = {isa = PBXFileReference; fileEncoding = 4; lastKnownFileType = sourcecode.glsl; path = scale.vsh; sourceTree = "<group>"; };
		9C8CBD9F24E623A4003AD0C8 /* shakeWhite.fsh */ = {isa = PBXFileReference; fileEncoding = 4; lastKnownFileType = sourcecode.glsl; path = shakeWhite.fsh; sourceTree = "<group>"; };
		9C8CBDA024E623A4003AD0C8 /* soul.fsh */ = {isa = PBXFileReference; fileEncoding = 4; lastKnownFileType = sourcecode.glsl; path = soul.fsh; sourceTree = "<group>"; };
		9C8CBDA124E623A4003AD0C8 /* shake.fsh */ = {isa = PBXFileReference; fileEncoding = 4; lastKnownFileType = sourcecode.glsl; path = shake.fsh; sourceTree = "<group>"; };
		9C8CBDA224E623A4003AD0C8 /* shakeWhite.vsh */ = {isa = PBXFileReference; fileEncoding = 4; lastKnownFileType = sourcecode.glsl; path = shakeWhite.vsh; sourceTree = "<group>"; };
		9C8CBDA324E623A4003AD0C8 /* glitch.vsh */ = {isa = PBXFileReference; fileEncoding = 4; lastKnownFileType = sourcecode.glsl; path = glitch.vsh; sourceTree = "<group>"; };
		9C8CBDA424E623A4003AD0C8 /* glitch.fsh */ = {isa = PBXFileReference; fileEncoding = 4; lastKnownFileType = sourcecode.glsl; path = glitch.fsh; sourceTree = "<group>"; };
		9C8CBDA524E623A4003AD0C8 /* scale.fsh */ = {isa = PBXFileReference; fileEncoding = 4; lastKnownFileType = sourcecode.glsl; path = scale.fsh; sourceTree = "<group>"; };
		9C8CBDA624E623A4003AD0C8 /* vertigos.fsh */ = {isa = PBXFileReference; fileEncoding = 4; lastKnownFileType = sourcecode.glsl; path = vertigos.fsh; sourceTree = "<group>"; };
		9C8CBDA724E623A4003AD0C8 /* shake.vsh */ = {isa = PBXFileReference; fileEncoding = 4; lastKnownFileType = sourcecode.glsl; path = shake.vsh; sourceTree = "<group>"; };
		9C8F5B2224DAA137009790F5 /* EmitterVC1.h */ = {isa = PBXFileReference; lastKnownFileType = sourcecode.c.h; path = EmitterVC1.h; sourceTree = "<group>"; };
		9C8F5B2324DAA137009790F5 /* EmitterVC1.m */ = {isa = PBXFileReference; lastKnownFileType = sourcecode.c.objc; path = EmitterVC1.m; sourceTree = "<group>"; };
		9C8F5B2524DAA186009790F5 /* hongbao.png */ = {isa = PBXFileReference; lastKnownFileType = image.png; path = hongbao.png; sourceTree = "<group>"; };
		9C8F5B2624DAA186009790F5 /* zongzi2.jpg */ = {isa = PBXFileReference; lastKnownFileType = image.jpeg; path = zongzi2.jpg; sourceTree = "<group>"; };
		9C8F5B2724DAA186009790F5 /* zongzi.png */ = {isa = PBXFileReference; lastKnownFileType = image.png; path = zongzi.png; sourceTree = "<group>"; };
		9C8F5B2824DAA187009790F5 /* jinbi.png */ = {isa = PBXFileReference; lastKnownFileType = image.png; path = jinbi.png; sourceTree = "<group>"; };
		9CACF6FC24E245A200CB35E4 /* mosaic_triangle.vsh */ = {isa = PBXFileReference; fileEncoding = 4; lastKnownFileType = sourcecode.glsl; path = mosaic_triangle.vsh; sourceTree = "<group>"; };
		9CACF6FD24E245A200CB35E4 /* reversal.vsh */ = {isa = PBXFileReference; fileEncoding = 4; lastKnownFileType = sourcecode.glsl; path = reversal.vsh; sourceTree = "<group>"; };
		9CACF6FE24E245A200CB35E4 /* mosaic_square.fsh */ = {isa = PBXFileReference; fileEncoding = 4; lastKnownFileType = sourcecode.glsl; path = mosaic_square.fsh; sourceTree = "<group>"; };
		9CACF6FF24E245A200CB35E4 /* gray.fsh */ = {isa = PBXFileReference; fileEncoding = 4; lastKnownFileType = sourcecode.glsl; path = gray.fsh; sourceTree = "<group>"; };
		9CACF70024E245A200CB35E4 /* mosaic_square.vsh */ = {isa = PBXFileReference; fileEncoding = 4; lastKnownFileType = sourcecode.glsl; path = mosaic_square.vsh; sourceTree = "<group>"; };
		9CACF70124E245A200CB35E4 /* mosaic_triangle.fsh */ = {isa = PBXFileReference; fileEncoding = 4; lastKnownFileType = sourcecode.glsl; path = mosaic_triangle.fsh; sourceTree = "<group>"; };
		9CACF70224E245A200CB35E4 /* gray.vsh */ = {isa = PBXFileReference; fileEncoding = 4; lastKnownFileType = sourcecode.glsl; path = gray.vsh; sourceTree = "<group>"; };
		9CACF70324E245A200CB35E4 /* mosaic_hexagon.vsh */ = {isa = PBXFileReference; fileEncoding = 4; lastKnownFileType = sourcecode.glsl; path = mosaic_hexagon.vsh; sourceTree = "<group>"; };
		9CACF70424E245A200CB35E4 /* mosaic_hexagon.fsh */ = {isa = PBXFileReference; fileEncoding = 4; lastKnownFileType = sourcecode.glsl; path = mosaic_hexagon.fsh; sourceTree = "<group>"; };
		9CACF70524E245A300CB35E4 /* reversal.fsh */ = {isa = PBXFileReference; fileEncoding = 4; lastKnownFileType = sourcecode.glsl; path = reversal.fsh; sourceTree = "<group>"; };
		9CACF71224E24E4900CB35E4 /* GLSL注释讲解.md */ = {isa = PBXFileReference; fileEncoding = 4; lastKnownFileType = net.daringfireball.markdown; path = "GLSL注释讲解.md"; sourceTree = "<group>"; };
		9CACF72F24E2846900CB35E4 /* WID-small.jpg */ = {isa = PBXFileReference; lastKnownFileType = image.jpeg; path = "WID-small.jpg"; sourceTree = "<group>"; };
		9CACF73624E285E700CB35E4 /* GPUPhotoVC.h */ = {isa = PBXFileReference; lastKnownFileType = sourcecode.c.h; path = GPUPhotoVC.h; sourceTree = "<group>"; };
		9CACF73724E285E700CB35E4 /* GPUPhotoVC.m */ = {isa = PBXFileReference; lastKnownFileType = sourcecode.c.objc; path = GPUPhotoVC.m; sourceTree = "<group>"; };
		BD1A28A4E3180DE77EE15B31 /* Pods-OpenGL-ES.release.xcconfig */ = {isa = PBXFileReference; includeInIndex = 1; lastKnownFileType = text.xcconfig; name = "Pods-OpenGL-ES.release.xcconfig"; path = "Target Support Files/Pods-OpenGL-ES/Pods-OpenGL-ES.release.xcconfig"; sourceTree = "<group>"; };
		CE54D5DC24D4041600DAEEF2 /* CubeView.h */ = {isa = PBXFileReference; lastKnownFileType = sourcecode.c.h; path = CubeView.h; sourceTree = "<group>"; };
		CE54D5DD24D4041600DAEEF2 /* CubeView.m */ = {isa = PBXFileReference; lastKnownFileType = sourcecode.c.objc; path = CubeView.m; sourceTree = "<group>"; };
		CE54D5DF24D4046100DAEEF2 /* shaderf.glsl */ = {isa = PBXFileReference; lastKnownFileType = text; path = shaderf.glsl; sourceTree = "<group>"; };
		CE54D5E124D4046F00DAEEF2 /* shaderv.glsl */ = {isa = PBXFileReference; lastKnownFileType = text; path = shaderv.glsl; sourceTree = "<group>"; };
/* End PBXFileReference section */

/* Begin PBXFrameworksBuildPhase section */
		9C092E6424D176D500E4346A /* Frameworks */ = {
			isa = PBXFrameworksBuildPhase;
			buildActionMask = 2147483647;
			files = (
				221DD0ADBC9FF35BFE83FF8E /* libPods-OpenGL-ES.a in Frameworks */,
			);
			runOnlyForDeploymentPostprocessing = 0;
		};
/* End PBXFrameworksBuildPhase section */

/* Begin PBXGroup section */
		9C092E5E24D176D500E4346A = {
			isa = PBXGroup;
			children = (
				9C092E6924D176D500E4346A /* OpenGL-ES */,
				9C092E6824D176D500E4346A /* Products */,
				E9E9E9EFBFC1B83E9A2FBCC2 /* Pods */,
				DC56E4BBA8CDEE437A82154B /* Frameworks */,
			);
			sourceTree = "<group>";
		};
		9C092E6824D176D500E4346A /* Products */ = {
			isa = PBXGroup;
			children = (
				9C092E6724D176D500E4346A /* OpenGL-ES.app */,
			);
			name = Products;
			sourceTree = "<group>";
		};
		9C092E6924D176D500E4346A /* OpenGL-ES */ = {
			isa = PBXGroup;
			children = (
				9C3B21A124E1376A006EEC23 /* GPUImage */,
				9C8C7C5424DBA6F900486AE4 /* GLSL */,
				9C8F5B2124DAA0B7009790F5 /* CoreAnimation粒子特效 */,
				9C092E6A24D176D500E4346A /* AppDelegate.h */,
				9C092E6B24D176D500E4346A /* AppDelegate.m */,
				9C092E6D24D176D500E4346A /* SceneDelegate.h */,
				9C092E6E24D176D500E4346A /* SceneDelegate.m */,
				9C092E7024D176D500E4346A /* ViewController.h */,
				9C092E7124D176D500E4346A /* ViewController.m */,
				9C092E8324D178CD00E4346A /* BaseViewController.h */,
				9C092E8424D178CD00E4346A /* BaseViewController.m */,
				9C092E8624D178DE00E4346A /* PrefixHeader.pch */,
				9C092E7324D176D500E4346A /* Main.storyboard */,
				9C092E7624D176D700E4346A /* Assets.xcassets */,
				9C092E7824D176D700E4346A /* LaunchScreen.storyboard */,
				9C092E7B24D176D700E4346A /* Info.plist */,
				9C092E7C24D176D700E4346A /* main.m */,
			);
			path = "OpenGL-ES";
			sourceTree = "<group>";
		};
		9C092E8A24D17A9D00E4346A /* GLSL加载图片 */ = {
			isa = PBXGroup;
			children = (
				9C092E8B24D17ABF00E4346A /* CubeViewController.h */,
				9C092E8C24D17ABF00E4346A /* CubeViewController.m */,
				CE54D5DC24D4041600DAEEF2 /* CubeView.h */,
				CE54D5DD24D4041600DAEEF2 /* CubeView.m */,
				CE54D5DF24D4046100DAEEF2 /* shaderf.glsl */,
				CE54D5E124D4046F00DAEEF2 /* shaderv.glsl */,
			);
			path = "GLSL加载图片";
			sourceTree = "<group>";
		};
		9C3B216624E11E98006EEC23 /* OpenGL滤镜 */ = {
			isa = PBXGroup;
			children = (
				9CACF71224E24E4900CB35E4 /* GLSL注释讲解.md */,
				9C3B21A524E13FF7006EEC23 /* img4.jpg */,
				9C3B219B24E12ADD006EEC23 /* img3.jpg */,
				9C3B216B24E11F15006EEC23 /* FilterBar */,
				9C3B216C24E11F15006EEC23 /* GLSL_File */,
				9C3B219424E11FE8006EEC23 /* FilterViewController.h */,
				9C3B219524E11FE8006EEC23 /* FilterViewController.m */,
			);
			path = "OpenGL滤镜";
			sourceTree = "<group>";
		};
		9C3B216B24E11F15006EEC23 /* FilterBar */ = {
			isa = PBXGroup;
			children = (
				9C3B218F24E11FC6006EEC23 /* FilterBar.h */,
				9C3B218E24E11FC6006EEC23 /* FilterBar.m */,
				9C3B219124E11FC6006EEC23 /* FilterBarCell.h */,
				9C3B219024E11FC6006EEC23 /* FilterBarCell.m */,
			);
			path = FilterBar;
			sourceTree = "<group>";
		};
		9C3B216C24E11F15006EEC23 /* GLSL_File */ = {
			isa = PBXGroup;
			children = (
				9C8CBDA424E623A4003AD0C8 /* glitch.fsh */,
				9C8CBDA324E623A4003AD0C8 /* glitch.vsh */,
				9C8CBDA524E623A4003AD0C8 /* scale.fsh */,
				9C8CBD9E24E623A4003AD0C8 /* scale.vsh */,
				9C8CBDA124E623A4003AD0C8 /* shake.fsh */,
				9C8CBDA724E623A4003AD0C8 /* shake.vsh */,
				9C8CBD9F24E623A4003AD0C8 /* shakeWhite.fsh */,
				9C8CBDA224E623A4003AD0C8 /* shakeWhite.vsh */,
				9C8CBDA024E623A4003AD0C8 /* soul.fsh */,
				9C8CBD9D24E623A4003AD0C8 /* soul.vsh */,
				9C8CBDA624E623A4003AD0C8 /* vertigos.fsh */,
				9C8CBD9C24E623A3003AD0C8 /* vertigos.vsh */,
				9CACF6FF24E245A200CB35E4 /* gray.fsh */,
				9CACF70224E245A200CB35E4 /* gray.vsh */,
				9CACF70424E245A200CB35E4 /* mosaic_hexagon.fsh */,
				9CACF70324E245A200CB35E4 /* mosaic_hexagon.vsh */,
				9CACF6FE24E245A200CB35E4 /* mosaic_square.fsh */,
				9CACF70024E245A200CB35E4 /* mosaic_square.vsh */,
				9CACF70124E245A200CB35E4 /* mosaic_triangle.fsh */,
				9CACF6FC24E245A200CB35E4 /* mosaic_triangle.vsh */,
				9CACF70524E245A300CB35E4 /* reversal.fsh */,
				9CACF6FD24E245A200CB35E4 /* reversal.vsh */,
				9C3B219D24E12BB6006EEC23 /* splitScreen_2.fsh */,
				9C3B219E24E12BB6006EEC23 /* splitScreen_2.vsh */,
				9C3B218224E11F84006EEC23 /* splitScreen_3.fsh */,
				9C3B218124E11F84006EEC23 /* splitScreen_3.vsh */,
				9C3B218524E11F84006EEC23 /* splitScreen_4.fsh */,
				9C3B218324E11F84006EEC23 /* splitScreen_4.vsh */,
				9C3B217E24E11F84006EEC23 /* splitScreen_6.fsh */,
				9C3B218424E11F84006EEC23 /* splitScreen_6.vsh */,
				9C3B218024E11F84006EEC23 /* splitScreen_9.fsh */,
				9C3B217F24E11F84006EEC23 /* splitScreen_9.vsh */,
				9C3B219824E1295D006EEC23 /* splitScreen_normal.fsh */,
				9C3B219724E1295D006EEC23 /* splitScreen_normal.vsh */,
			);
			path = GLSL_File;
			sourceTree = "<group>";
		};
		9C3B21A124E1376A006EEC23 /* GPUImage */ = {
			isa = PBXGroup;
			children = (
				9CACF72F24E2846900CB35E4 /* WID-small.jpg */,
				9C3B21A224E138FF006EEC23 /* GPUImageExampleVC.h */,
				9C3B21A324E138FF006EEC23 /* GPUImageExampleVC.m */,
				9CACF73624E285E700CB35E4 /* GPUPhotoVC.h */,
				9CACF73724E285E700CB35E4 /* GPUPhotoVC.m */,
			);
			path = GPUImage;
			sourceTree = "<group>";
		};
		9C8C7C5424DBA6F900486AE4 /* GLSL */ = {
			isa = PBXGroup;
			children = (
				9C3B216624E11E98006EEC23 /* OpenGL滤镜 */,
				9C8C7C5524DBA71800486AE4 /* GLSL 三角形变换 */,
				9C092E8A24D17A9D00E4346A /* GLSL加载图片 */,
			);
			path = GLSL;
			sourceTree = "<group>";
		};
		9C8C7C5524DBA71800486AE4 /* GLSL 三角形变换 */ = {
			isa = PBXGroup;
			children = (
				9C8C7C6124DBA83400486AE4 /* Utils */,
				9C8C7C5924DBA77100486AE4 /* GLSLTriangleTransformVC.h */,
				9C8C7C5A24DBA77100486AE4 /* GLSLTriangleTransformVC.m */,
				9C8C7C5B24DBA77100486AE4 /* GLSLTriangleTransformVC.xib */,
				9C8C7C6E24DBF00900486AE4 /* img2.jpg */,
				9C8C7C5E24DBA7BD00486AE4 /* TriangleTransformView.h */,
				9C8C7C5F24DBA7BD00486AE4 /* TriangleTransformView.m */,
				9C8C7C6A24DBB23100486AE4 /* shaderV1.glsl */,
				9C8C7C6C24DBB23F00486AE4 /* shaderF1.glsl */,
			);
			path = "GLSL 三角形变换";
			sourceTree = "<group>";
		};
		9C8C7C6124DBA83400486AE4 /* Utils */ = {
			isa = PBXGroup;
			children = (
				9C8C7C6224DBA83400486AE4 /* GLESUtils.m */,
				9C8C7C6324DBA83400486AE4 /* Quaternion.h */,
				9C8C7C6424DBA83400486AE4 /* GLESMath.c */,
				9C8C7C6524DBA83400486AE4 /* GLESUtils.h */,
				9C8C7C6624DBA83400486AE4 /* Vector.h */,
				9C8C7C6724DBA83400486AE4 /* GLESMath.h */,
			);
			path = Utils;
			sourceTree = "<group>";
		};
		9C8F5B2124DAA0B7009790F5 /* CoreAnimation粒子特效 */ = {
			isa = PBXGroup;
			children = (
				9C8F5B2224DAA137009790F5 /* EmitterVC1.h */,
				9C8F5B2324DAA137009790F5 /* EmitterVC1.m */,
				9C8C7C4424DB951800486AE4 /* EmitterVC2.h */,
				9C8C7C4524DB951800486AE4 /* EmitterVC2.m */,
				9C8C7C4724DB9D1B00486AE4 /* EmitterVC3.h */,
				9C8C7C4824DB9D1B00486AE4 /* EmitterVC3.m */,
				9C8C7C4924DB9D1B00486AE4 /* EmitterVC3.xib */,
				9C8C7C4C24DBA2DC00486AE4 /* EmitterVC4.h */,
				9C8C7C4D24DBA2DC00486AE4 /* EmitterVC4.m */,
				9C8C7C4E24DBA2DC00486AE4 /* EmitterVC4.xib */,
				9C8C7C5124DBA35900486AE4 /* AnimationButton.h */,
				9C8C7C5224DBA35900486AE4 /* AnimationButton.m */,
				9C8F5B2524DAA186009790F5 /* hongbao.png */,
				9C8F5B2824DAA187009790F5 /* jinbi.png */,
				9C8F5B2724DAA186009790F5 /* zongzi.png */,
				9C8F5B2624DAA186009790F5 /* zongzi2.jpg */,
			);
			path = "CoreAnimation粒子特效";
			sourceTree = "<group>";
		};
		DC56E4BBA8CDEE437A82154B /* Frameworks */ = {
			isa = PBXGroup;
			children = (
				7F8845698AD6C05619540CEF /* libPods-OpenGL-ES.a */,
			);
			name = Frameworks;
			sourceTree = "<group>";
		};
		E9E9E9EFBFC1B83E9A2FBCC2 /* Pods */ = {
			isa = PBXGroup;
			children = (
				1E6EF313555E9AFC45E686F0 /* Pods-OpenGL-ES.debug.xcconfig */,
				BD1A28A4E3180DE77EE15B31 /* Pods-OpenGL-ES.release.xcconfig */,
			);
			path = Pods;
			sourceTree = "<group>";
		};
/* End PBXGroup section */

/* Begin PBXNativeTarget section */
		9C092E6624D176D500E4346A /* OpenGL-ES */ = {
			isa = PBXNativeTarget;
			buildConfigurationList = 9C092E8024D176D700E4346A /* Build configuration list for PBXNativeTarget "OpenGL-ES" */;
			buildPhases = (
				97C2142E1F26604DAB4024AC /* [CP] Check Pods Manifest.lock */,
				9C092E6324D176D500E4346A /* Sources */,
				9C092E6424D176D500E4346A /* Frameworks */,
				9C092E6524D176D500E4346A /* Resources */,
				8308FF60527DF56664CCB335 /* [CP] Copy Pods Resources */,
			);
			buildRules = (
			);
			dependencies = (
			);
			name = "OpenGL-ES";
			productName = "OpenGL-ES";
			productReference = 9C092E6724D176D500E4346A /* OpenGL-ES.app */;
			productType = "com.apple.product-type.application";
		};
/* End PBXNativeTarget section */

/* Begin PBXProject section */
		9C092E5F24D176D500E4346A /* Project object */ = {
			isa = PBXProject;
			attributes = {
				LastUpgradeCheck = 1160;
				ORGANIZATIONNAME = zhaixingxing;
				TargetAttributes = {
					9C092E6624D176D500E4346A = {
						CreatedOnToolsVersion = 11.6;
					};
				};
			};
			buildConfigurationList = 9C092E6224D176D500E4346A /* Build configuration list for PBXProject "OpenGL-ES" */;
			compatibilityVersion = "Xcode 9.3";
			developmentRegion = en;
			hasScannedForEncodings = 0;
			knownRegions = (
				en,
				Base,
			);
			mainGroup = 9C092E5E24D176D500E4346A;
			productRefGroup = 9C092E6824D176D500E4346A /* Products */;
			projectDirPath = "";
			projectRoot = "";
			targets = (
				9C092E6624D176D500E4346A /* OpenGL-ES */,
			);
		};
/* End PBXProject section */

/* Begin PBXResourcesBuildPhase section */
		9C092E6524D176D500E4346A /* Resources */ = {
			isa = PBXResourcesBuildPhase;
			buildActionMask = 2147483647;
			files = (
				CE54D5E024D4046100DAEEF2 /* shaderf.glsl in Resources */,
				9C3B219924E1295D006EEC23 /* splitScreen_normal.vsh in Resources */,
				9C3B218624E11F84006EEC23 /* splitScreen_6.fsh in Resources */,
				9CACF71324E24E4900CB35E4 /* GLSL注释讲解.md in Resources */,
				9C8C7C6F24DBF00900486AE4 /* img2.jpg in Resources */,
				9CACF70B24E245A300CB35E4 /* mosaic_triangle.fsh in Resources */,
				9C8CBDB224E623A5003AD0C8 /* vertigos.fsh in Resources */,
				9C8C7C5024DBA2DC00486AE4 /* EmitterVC4.xib in Resources */,
				9C092E7A24D176D700E4346A /* LaunchScreen.storyboard in Resources */,
				9C8CBDAA24E623A4003AD0C8 /* scale.vsh in Resources */,
				9C092E7724D176D700E4346A /* Assets.xcassets in Resources */,
				9C8CBDAE24E623A5003AD0C8 /* shakeWhite.vsh in Resources */,
				9CACF70924E245A300CB35E4 /* gray.fsh in Resources */,
				9CACF70A24E245A300CB35E4 /* mosaic_square.vsh in Resources */,
				9C8C7C6B24DBB23100486AE4 /* shaderV1.glsl in Resources */,
				9C8CBDA924E623A4003AD0C8 /* soul.vsh in Resources */,
				9C8C7C6D24DBB23F00486AE4 /* shaderF1.glsl in Resources */,
				9C3B218824E11F84006EEC23 /* splitScreen_9.fsh in Resources */,
				9C8CBDAC24E623A5003AD0C8 /* soul.fsh in Resources */,
				9C3B218724E11F84006EEC23 /* splitScreen_9.vsh in Resources */,
				9C3B218D24E11F84006EEC23 /* splitScreen_4.fsh in Resources */,
				9CACF70824E245A300CB35E4 /* mosaic_square.fsh in Resources */,
				9C092E7524D176D500E4346A /* Main.storyboard in Resources */,
				9C3B21A624E13FF7006EEC23 /* img4.jpg in Resources */,
				9CACF70C24E245A300CB35E4 /* gray.vsh in Resources */,
				9C3B219C24E12ADD006EEC23 /* img3.jpg in Resources */,
				9CACF70724E245A300CB35E4 /* reversal.vsh in Resources */,
				9CACF70F24E245A300CB35E4 /* reversal.fsh in Resources */,
				9CACF70624E245A300CB35E4 /* mosaic_triangle.vsh in Resources */,
				9C8CBDAB24E623A4003AD0C8 /* shakeWhite.fsh in Resources */,
				9C8C7C5D24DBA77100486AE4 /* GLSLTriangleTransformVC.xib in Resources */,
				9CACF73124E2846900CB35E4 /* WID-small.jpg in Resources */,
				9C8CBDB124E623A5003AD0C8 /* scale.fsh in Resources */,
				9C3B219A24E1295D006EEC23 /* splitScreen_normal.fsh in Resources */,
				9C8F5B2924DAA187009790F5 /* hongbao.png in Resources */,
				9C8F5B2A24DAA187009790F5 /* zongzi2.jpg in Resources */,
				9C3B218A24E11F84006EEC23 /* splitScreen_3.fsh in Resources */,
				9C8F5B2C24DAA187009790F5 /* jinbi.png in Resources */,
				9CACF70E24E245A300CB35E4 /* mosaic_hexagon.fsh in Resources */,
				9C3B219F24E12BB6006EEC23 /* splitScreen_2.fsh in Resources */,
				9C3B21A024E12BB6006EEC23 /* splitScreen_2.vsh in Resources */,
				9C8CBDA824E623A4003AD0C8 /* vertigos.vsh in Resources */,
				9C8F5B2B24DAA187009790F5 /* zongzi.png in Resources */,
				9C8CBDAF24E623A5003AD0C8 /* glitch.vsh in Resources */,
				CE54D5E224D4046F00DAEEF2 /* shaderv.glsl in Resources */,
				9C8C7C4B24DB9D1B00486AE4 /* EmitterVC3.xib in Resources */,
				9CACF70D24E245A300CB35E4 /* mosaic_hexagon.vsh in Resources */,
				9C3B218C24E11F84006EEC23 /* splitScreen_6.vsh in Resources */,
				9C3B218924E11F84006EEC23 /* splitScreen_3.vsh in Resources */,
				9C3B218B24E11F84006EEC23 /* splitScreen_4.vsh in Resources */,
				9C8CBDB024E623A5003AD0C8 /* glitch.fsh in Resources */,
				9C8CBDAD24E623A5003AD0C8 /* shake.fsh in Resources */,
				9C8CBDB324E623A5003AD0C8 /* shake.vsh in Resources */,
			);
			runOnlyForDeploymentPostprocessing = 0;
		};
/* End PBXResourcesBuildPhase section */

/* Begin PBXShellScriptBuildPhase section */
		8308FF60527DF56664CCB335 /* [CP] Copy Pods Resources */ = {
			isa = PBXShellScriptBuildPhase;
			buildActionMask = 2147483647;
			files = (
			);
			inputFileListPaths = (
				"${PODS_ROOT}/Target Support Files/Pods-OpenGL-ES/Pods-OpenGL-ES-resources-${CONFIGURATION}-input-files.xcfilelist",
			);
			name = "[CP] Copy Pods Resources";
			outputFileListPaths = (
				"${PODS_ROOT}/Target Support Files/Pods-OpenGL-ES/Pods-OpenGL-ES-resources-${CONFIGURATION}-output-files.xcfilelist",
			);
			runOnlyForDeploymentPostprocessing = 0;
			shellPath = /bin/sh;
			shellScript = "\"${PODS_ROOT}/Target Support Files/Pods-OpenGL-ES/Pods-OpenGL-ES-resources.sh\"\n";
			showEnvVarsInLog = 0;
		};
		97C2142E1F26604DAB4024AC /* [CP] Check Pods Manifest.lock */ = {
			isa = PBXShellScriptBuildPhase;
			buildActionMask = 2147483647;
			files = (
			);
			inputFileListPaths = (
			);
			inputPaths = (
				"${PODS_PODFILE_DIR_PATH}/Podfile.lock",
				"${PODS_ROOT}/Manifest.lock",
			);
			name = "[CP] Check Pods Manifest.lock";
			outputFileListPaths = (
			);
			outputPaths = (
				"$(DERIVED_FILE_DIR)/Pods-OpenGL-ES-checkManifestLockResult.txt",
			);
			runOnlyForDeploymentPostprocessing = 0;
			shellPath = /bin/sh;
			shellScript = "diff \"${PODS_PODFILE_DIR_PATH}/Podfile.lock\" \"${PODS_ROOT}/Manifest.lock\" > /dev/null\nif [ $? != 0 ] ; then\n    # print error to STDERR\n    echo \"error: The sandbox is not in sync with the Podfile.lock. Run 'pod install' or update your CocoaPods installation.\" >&2\n    exit 1\nfi\n# This output is used by Xcode 'outputs' to avoid re-running this script phase.\necho \"SUCCESS\" > \"${SCRIPT_OUTPUT_FILE_0}\"\n";
			showEnvVarsInLog = 0;
		};
/* End PBXShellScriptBuildPhase section */

/* Begin PBXSourcesBuildPhase section */
		9C092E6324D176D500E4346A /* Sources */ = {
			isa = PBXSourcesBuildPhase;
			buildActionMask = 2147483647;
			files = (
				9C8C7C4A24DB9D1B00486AE4 /* EmitterVC3.m in Sources */,
				9C8C7C4624DB951800486AE4 /* EmitterVC2.m in Sources */,
				9C8C7C6824DBA83400486AE4 /* GLESUtils.m in Sources */,
				CE54D5DE24D4041600DAEEF2 /* CubeView.m in Sources */,
				9C8C7C6924DBA83400486AE4 /* GLESMath.c in Sources */,
				9C092E7224D176D500E4346A /* ViewController.m in Sources */,
				9C092E8D24D17AC000E4346A /* CubeViewController.m in Sources */,
				9C092E8524D178CE00E4346A /* BaseViewController.m in Sources */,
				9C8C7C4F24DBA2DC00486AE4 /* EmitterVC4.m in Sources */,
				9C8C7C5C24DBA77100486AE4 /* GLSLTriangleTransformVC.m in Sources */,
				9C3B21A424E138FF006EEC23 /* GPUImageExampleVC.m in Sources */,
				9C8C7C5324DBA35900486AE4 /* AnimationButton.m in Sources */,
				9C3B219624E11FE8006EEC23 /* FilterViewController.m in Sources */,
				9CACF73924E285E700CB35E4 /* GPUPhotoVC.m in Sources */,
				9C3B219324E11FC6006EEC23 /* FilterBarCell.m in Sources */,
				9C8C7C6024DBA7BD00486AE4 /* TriangleTransformView.m in Sources */,
				9C092E6C24D176D500E4346A /* AppDelegate.m in Sources */,
				9C8F5B2424DAA137009790F5 /* EmitterVC1.m in Sources */,
				9C092E7D24D176D700E4346A /* main.m in Sources */,
				9C3B219224E11FC6006EEC23 /* FilterBar.m in Sources */,
				9C092E6F24D176D500E4346A /* SceneDelegate.m in Sources */,
			);
			runOnlyForDeploymentPostprocessing = 0;
		};
/* End PBXSourcesBuildPhase section */

/* Begin PBXVariantGroup section */
		9C092E7324D176D500E4346A /* Main.storyboard */ = {
			isa = PBXVariantGroup;
			children = (
				9C092E7424D176D500E4346A /* Base */,
			);
			name = Main.storyboard;
			sourceTree = "<group>";
		};
		9C092E7824D176D700E4346A /* LaunchScreen.storyboard */ = {
			isa = PBXVariantGroup;
			children = (
				9C092E7924D176D700E4346A /* Base */,
			);
			name = LaunchScreen.storyboard;
			sourceTree = "<group>";
		};
/* End PBXVariantGroup section */

/* Begin XCBuildConfiguration section */
		9C092E7E24D176D700E4346A /* Debug */ = {
			isa = XCBuildConfiguration;
			buildSettings = {
				ALWAYS_SEARCH_USER_PATHS = NO;
				CLANG_ANALYZER_NONNULL = YES;
				CLANG_ANALYZER_NUMBER_OBJECT_CONVERSION = YES_AGGRESSIVE;
				CLANG_CXX_LANGUAGE_STANDARD = "gnu++14";
				CLANG_CXX_LIBRARY = "libc++";
				CLANG_ENABLE_MODULES = YES;
				CLANG_ENABLE_OBJC_ARC = YES;
				CLANG_ENABLE_OBJC_WEAK = YES;
				CLANG_WARN_BLOCK_CAPTURE_AUTORELEASING = YES;
				CLANG_WARN_BOOL_CONVERSION = YES;
				CLANG_WARN_COMMA = YES;
				CLANG_WARN_CONSTANT_CONVERSION = YES;
				CLANG_WARN_DEPRECATED_OBJC_IMPLEMENTATIONS = YES;
				CLANG_WARN_DIRECT_OBJC_ISA_USAGE = YES_ERROR;
				CLANG_WARN_DOCUMENTATION_COMMENTS = YES;
				CLANG_WARN_EMPTY_BODY = YES;
				CLANG_WARN_ENUM_CONVERSION = YES;
				CLANG_WARN_INFINITE_RECURSION = YES;
				CLANG_WARN_INT_CONVERSION = YES;
				CLANG_WARN_NON_LITERAL_NULL_CONVERSION = YES;
				CLANG_WARN_OBJC_IMPLICIT_RETAIN_SELF = YES;
				CLANG_WARN_OBJC_LITERAL_CONVERSION = YES;
				CLANG_WARN_OBJC_ROOT_CLASS = YES_ERROR;
				CLANG_WARN_RANGE_LOOP_ANALYSIS = YES;
				CLANG_WARN_STRICT_PROTOTYPES = YES;
				CLANG_WARN_SUSPICIOUS_MOVE = YES;
				CLANG_WARN_UNGUARDED_AVAILABILITY = YES_AGGRESSIVE;
				CLANG_WARN_UNREACHABLE_CODE = YES;
				CLANG_WARN__DUPLICATE_METHOD_MATCH = YES;
				COPY_PHASE_STRIP = NO;
				DEBUG_INFORMATION_FORMAT = dwarf;
				ENABLE_STRICT_OBJC_MSGSEND = YES;
				ENABLE_TESTABILITY = YES;
				GCC_C_LANGUAGE_STANDARD = gnu11;
				GCC_DYNAMIC_NO_PIC = NO;
				GCC_NO_COMMON_BLOCKS = YES;
				GCC_OPTIMIZATION_LEVEL = 0;
				GCC_PREPROCESSOR_DEFINITIONS = (
					"DEBUG=1",
					"$(inherited)",
				);
				GCC_WARN_64_TO_32_BIT_CONVERSION = YES;
				GCC_WARN_ABOUT_RETURN_TYPE = YES_ERROR;
				GCC_WARN_UNDECLARED_SELECTOR = YES;
				GCC_WARN_UNINITIALIZED_AUTOS = YES_AGGRESSIVE;
				GCC_WARN_UNUSED_FUNCTION = YES;
				GCC_WARN_UNUSED_VARIABLE = YES;
				IPHONEOS_DEPLOYMENT_TARGET = 13.6;
				MTL_ENABLE_DEBUG_INFO = INCLUDE_SOURCE;
				MTL_FAST_MATH = YES;
				ONLY_ACTIVE_ARCH = YES;
				SDKROOT = iphoneos;
			};
			name = Debug;
		};
		9C092E7F24D176D700E4346A /* Release */ = {
			isa = XCBuildConfiguration;
			buildSettings = {
				ALWAYS_SEARCH_USER_PATHS = NO;
				CLANG_ANALYZER_NONNULL = YES;
				CLANG_ANALYZER_NUMBER_OBJECT_CONVERSION = YES_AGGRESSIVE;
				CLANG_CXX_LANGUAGE_STANDARD = "gnu++14";
				CLANG_CXX_LIBRARY = "libc++";
				CLANG_ENABLE_MODULES = YES;
				CLANG_ENABLE_OBJC_ARC = YES;
				CLANG_ENABLE_OBJC_WEAK = YES;
				CLANG_WARN_BLOCK_CAPTURE_AUTORELEASING = YES;
				CLANG_WARN_BOOL_CONVERSION = YES;
				CLANG_WARN_COMMA = YES;
				CLANG_WARN_CONSTANT_CONVERSION = YES;
				CLANG_WARN_DEPRECATED_OBJC_IMPLEMENTATIONS = YES;
				CLANG_WARN_DIRECT_OBJC_ISA_USAGE = YES_ERROR;
				CLANG_WARN_DOCUMENTATION_COMMENTS = YES;
				CLANG_WARN_EMPTY_BODY = YES;
				CLANG_WARN_ENUM_CONVERSION = YES;
				CLANG_WARN_INFINITE_RECURSION = YES;
				CLANG_WARN_INT_CONVERSION = YES;
				CLANG_WARN_NON_LITERAL_NULL_CONVERSION = YES;
				CLANG_WARN_OBJC_IMPLICIT_RETAIN_SELF = YES;
				CLANG_WARN_OBJC_LITERAL_CONVERSION = YES;
				CLANG_WARN_OBJC_ROOT_CLASS = YES_ERROR;
				CLANG_WARN_RANGE_LOOP_ANALYSIS = YES;
				CLANG_WARN_STRICT_PROTOTYPES = YES;
				CLANG_WARN_SUSPICIOUS_MOVE = YES;
				CLANG_WARN_UNGUARDED_AVAILABILITY = YES_AGGRESSIVE;
				CLANG_WARN_UNREACHABLE_CODE = YES;
				CLANG_WARN__DUPLICATE_METHOD_MATCH = YES;
				COPY_PHASE_STRIP = NO;
				DEBUG_INFORMATION_FORMAT = "dwarf-with-dsym";
				ENABLE_NS_ASSERTIONS = NO;
				ENABLE_STRICT_OBJC_MSGSEND = YES;
				GCC_C_LANGUAGE_STANDARD = gnu11;
				GCC_NO_COMMON_BLOCKS = YES;
				GCC_WARN_64_TO_32_BIT_CONVERSION = YES;
				GCC_WARN_ABOUT_RETURN_TYPE = YES_ERROR;
				GCC_WARN_UNDECLARED_SELECTOR = YES;
				GCC_WARN_UNINITIALIZED_AUTOS = YES_AGGRESSIVE;
				GCC_WARN_UNUSED_FUNCTION = YES;
				GCC_WARN_UNUSED_VARIABLE = YES;
				IPHONEOS_DEPLOYMENT_TARGET = 13.6;
				MTL_ENABLE_DEBUG_INFO = NO;
				MTL_FAST_MATH = YES;
				SDKROOT = iphoneos;
				VALIDATE_PRODUCT = YES;
			};
			name = Release;
		};
		9C092E8124D176D700E4346A /* Debug */ = {
			isa = XCBuildConfiguration;
			baseConfigurationReference = 1E6EF313555E9AFC45E686F0 /* Pods-OpenGL-ES.debug.xcconfig */;
			buildSettings = {
				ASSETCATALOG_COMPILER_APPICON_NAME = AppIcon;
				CODE_SIGN_STYLE = Automatic;
				DEVELOPMENT_TEAM = 9WW38662NQ;
				GCC_PRECOMPILE_PREFIX_HEADER = YES;
				GCC_PREFIX_HEADER = "$(SRCROOT)/OpenGL-ES/PrefixHeader.pch";
				INFOPLIST_FILE = "OpenGL-ES/Info.plist";
				IPHONEOS_DEPLOYMENT_TARGET = 10.0;
				LD_RUNPATH_SEARCH_PATHS = (
					"$(inherited)",
					"@executable_path/Frameworks",
				);
				PRODUCT_BUNDLE_IDENTIFIER = "zhaixingxing.OpenGL-ES";
				PRODUCT_NAME = "$(TARGET_NAME)";
				TARGETED_DEVICE_FAMILY = "1,2";
			};
			name = Debug;
		};
		9C092E8224D176D700E4346A /* Release */ = {
			isa = XCBuildConfiguration;
			baseConfigurationReference = BD1A28A4E3180DE77EE15B31 /* Pods-OpenGL-ES.release.xcconfig */;
			buildSettings = {
				ASSETCATALOG_COMPILER_APPICON_NAME = AppIcon;
				CODE_SIGN_STYLE = Automatic;
				DEVELOPMENT_TEAM = 9WW38662NQ;
				GCC_PRECOMPILE_PREFIX_HEADER = YES;
				GCC_PREFIX_HEADER = "$(SRCROOT)/OpenGL-ES/PrefixHeader.pch";
				INFOPLIST_FILE = "OpenGL-ES/Info.plist";
				IPHONEOS_DEPLOYMENT_TARGET = 10.0;
				LD_RUNPATH_SEARCH_PATHS = (
					"$(inherited)",
					"@executable_path/Frameworks",
				);
				PRODUCT_BUNDLE_IDENTIFIER = "zhaixingxing.OpenGL-ES";
				PRODUCT_NAME = "$(TARGET_NAME)";
				TARGETED_DEVICE_FAMILY = "1,2";
			};
			name = Release;
		};
/* End XCBuildConfiguration section */

/* Begin XCConfigurationList section */
		9C092E6224D176D500E4346A /* Build configuration list for PBXProject "OpenGL-ES" */ = {
			isa = XCConfigurationList;
			buildConfigurations = (
				9C092E7E24D176D700E4346A /* Debug */,
				9C092E7F24D176D700E4346A /* Release */,
			);
			defaultConfigurationIsVisible = 0;
			defaultConfigurationName = Release;
		};
		9C092E8024D176D700E4346A /* Build configuration list for PBXNativeTarget "OpenGL-ES" */ = {
			isa = XCConfigurationList;
			buildConfigurations = (
				9C092E8124D176D700E4346A /* Debug */,
				9C092E8224D176D700E4346A /* Release */,
			);
			defaultConfigurationIsVisible = 0;
			defaultConfigurationName = Release;
		};
/* End XCConfigurationList section */
	};
	rootObject = 9C092E5F24D176D500E4346A /* Project object */;
}
